
Microsoft Visual Studio Solution File, Format Version 12.00
# Visual Studio Version 18
VisualStudioVersion = 18.6.11709.129 insiders
MinimumVisualStudioVersion = 10.0.40219.1
Project("{FAE04EC0-301F-11D3-BF4B-00C04F79EFBC}") = "AzureQuizLab", "AzureQuizLab\AzureQuizLab.csproj", "{8EDD5829-FC4A-4CC1-ABFA-69DE3F8BB1B9}"
EndProject
Project("{FAE04EC0-301F-11D3-BF4B-00C04F79EFBC}") = "AzureQuizLab.Functions", "AzureQuizLab.Functions\AzureQuizLab.Functions.csproj", "{D257E489-953A-41E7-A8F1-46F981419906}"
EndProject
Global
	GlobalSection(SolutionConfigurationPlatforms) = preSolution
		Debug|Any CPU = Debug|Any CPU
		Release|Any CPU = Release|Any CPU
	EndGlobalSection
	GlobalSection(ProjectConfigurationPlatforms) = postSolution
		{8EDD5829-FC4A-4CC1-ABFA-69DE3F8BB1B9}.Debug|Any CPU.ActiveCfg = Debug|Any CPU
		{8EDD5829-FC4A-4CC1-ABFA-69DE3F8BB1B9}.Debug|Any CPU.Build.0 = Debug|Any CPU
		{8EDD5829-FC4A-4CC1-ABFA-69DE3F8BB1B9}.Release|Any CPU.ActiveCfg = Release|Any CPU
		{8EDD5829-FC4A-4CC1-ABFA-69DE3F8BB1B9}.Release|Any CPU.Build.0 = Release|Any CPU
		{D257E489-953A-41E7-A8F1-46F981419906}.Debug|Any CPU.ActiveCfg = Debug|Any CPU
		{D257E489-953A-41E7-A8F1-46F981419906}.Debug|Any CPU.Build.0 = Debug|Any CPU
		{D257E489-953A-41E7-A8F1-46F981419906}.Release|Any CPU.ActiveCfg = Release|Any CPU
		{D257E489-953A-41E7-A8F1-46F981419906}.Release|Any CPU.Build.0 = Release|Any CPU
	EndGlobalSection
	GlobalSection(SolutionProperties) = preSolution
		HideSolutionNode = FALSE
	EndGlobalSection
	GlobalSection(ExtensibilityGlobals) = postSolution
		SolutionGuid = {5538139E-7308-4E3C-8407-89B0C83DD792}
	EndGlobalSection
EndGlobal
